
Microsoft Visual Studio Solution File, Format Version 12.00
Project("{FAE04EC0-301F-11D3-BF4B-00C04F79EFBC}") = "TestProject", "TestProject.csproj", "{C7F17131-8B9F-4F65-A478-F51DBE451281}"
EndProject
Global
	GlobalSection(SolutionConfigurationPlatforms) = preSolution
		Debug|Any CPU = Debug|Any CPU
		Release|Any CPU = Release|Any CPU
	EndGlobalSection
	GlobalSection(ProjectConfigurationPlatforms) = postSolution
		{C7F17131-8B9F-4F65-A478-F51DBE451281}.Debug|Any CPU.ActiveCfg = Debug|Any CPU
		{C7F17131-8B9F-4F65-A478-F51DBE451281}.Debug|Any CPU.Build.0 = Debug|Any CPU
		{C7F17131-8B9F-4F65-A478-F51DBE451281}.Release|Any CPU.ActiveCfg = Release|Any CPU
		{C7F17131-8B9F-4F65-A478-F51DBE451281}.Release|Any CPU.Build.0 = Release|Any CPU
	EndGlobalSection
EndGlobal
